
Microsoft Visual Studio Solution File, Format Version 12.00
# Visual Studio Version 16
VisualStudioVersion = 16.0.31424.327
MinimumVisualStudioVersion = 10.0.40219.1
Project("{2150E333-8FDC-42A3-9474-1A3956D46DE8}") = "Aplicacion", "Aplicacion", "{B255C7A0-0452-4ED4-A9B4-F28D378B9F4D}"
EndProject
Project("{2150E333-8FDC-42A3-9474-1A3956D46DE8}") = "Dominio", "Dominio", "{AA60DE3C-98E5-405D-A9B7-013BDAEFCAEA}"
EndProject
Project("{2150E333-8FDC-42A3-9474-1A3956D46DE8}") = "Infraestructura", "Infraestructura", "{1B8E1F43-33EF-4E63-BF3D-9A82798D88BB}"
EndProject
Project("{2150E333-8FDC-42A3-9474-1A3956D46DE8}") = "Presentacion", "Presentacion", "{26D54565-5DAF-4399-AE39-9CC428F399F3}"
EndProject
Project("{2150E333-8FDC-42A3-9474-1A3956D46DE8}") = "Nucleo", "Nucleo", "{905E2D36-77A8-4C62-82DB-82FDED96BA86}"
EndProject
Project("{2150E333-8FDC-42A3-9474-1A3956D46DE8}") = "Datos", "Datos", "{62259079-D0DA-4920-B38A-0D316268B254}"
EndProject
Project("{2150E333-8FDC-42A3-9474-1A3956D46DE8}") = "Transversal", "Transversal", "{F82357FD-FE09-4C11-BDD7-E9A0AA9CDB19}"
EndProject
Project("{2150E333-8FDC-42A3-9474-1A3956D46DE8}") = "Nucleo", "Nucleo", "{C0A9010A-0CE6-43D8-9506-1847E552270F}"
EndProject
Project("{2150E333-8FDC-42A3-9474-1A3956D46DE8}") = "Nucleo", "Nucleo", "{B4B3A031-100A-4476-80A8-9DC8DB4A7094}"
EndProject
Project("{9A19103F-16F7-4668-BE54-9A1E7A4F7556}") = "Infraestructura.Datos.Nucleo", "Infraestructura.Datos.Nucleo\Infraestructura.Datos.Nucleo.csproj", "{5BFAD32B-9DE0-4AEC-B410-5CAD3812DEF6}"
EndProject
Project("{9A19103F-16F7-4668-BE54-9A1E7A4F7556}") = "Dominio.Nucleo", "Dominio.Nucleo\Dominio.Nucleo.csproj", "{8B81FE73-5AF2-40A4-AD66-310BA99C8351}"
EndProject
Project("{9A19103F-16F7-4668-BE54-9A1E7A4F7556}") = "Dominio.Nucleo.Entidades", "Dominio.Nucleo.Entidades\Dominio.Nucleo.Entidades.csproj", "{7ABCDE2C-BB6F-4059-BBE8-10C3F87BD2CF}"
EndProject
Project("{9A19103F-16F7-4668-BE54-9A1E7A4F7556}") = "Dominio.Nucleo.Repositorios", "Dominio.Nucleo.Repositorios\Dominio.Nucleo.Repositorios.csproj", "{9CFC785C-03CE-4BB6-B28B-E805F450AAED}"
EndProject
Project("{9A19103F-16F7-4668-BE54-9A1E7A4F7556}") = "Infraestructura.Transversal.Plataforma", "Infraestructura.Transversal.Plataforma\Infraestructura.Transversal.Plataforma.csproj", "{78025D77-3C24-46B7-98CE-3CEC02B919F3}"
EndProject
Project("{9A19103F-16F7-4668-BE54-9A1E7A4F7556}") = "Dominio.Nucleo.Servicios", "Dominio.Nucleo.Servicios\Dominio.Nucleo.Servicios.csproj", "{08D9F344-621D-4D5A-BA1E-5EE5FB134F4A}"
EndProject
Project("{9A19103F-16F7-4668-BE54-9A1E7A4F7556}") = "Aplicacion.Nucleo", "Aplicacion.Nucleo\Aplicacion.Nucleo.csproj", "{4219F79A-C4B5-4824-99F4-ADA514804241}"
EndProject
Project("{9A19103F-16F7-4668-BE54-9A1E7A4F7556}") = "Infraestructura.Transversal.Seguimiento", "Infraestructura.Transversal.Seguimiento\Infraestructura.Transversal.Seguimiento.csproj", "{B69D34F0-6B2F-4C89-B4FB-F48AA4E4C11E}"
EndProject
Project("{9A19103F-16F7-4668-BE54-9A1E7A4F7556}") = "Infraestructura.Transversal.Autenticacion", "Infraestructura.Transversal.Autenticacion\Infraestructura.Transversal.Autenticacion.csproj", "{E6737440-FE00-4D7D-B081-2E677BE1F2B5}"
EndProject
Project("{9A19103F-16F7-4668-BE54-9A1E7A4F7556}") = "Infraestructura.Transversal.ServiciosExternos", "Infraestructura.Transversal.ServiciosExternos\Infraestructura.Transversal.ServiciosExternos.csproj", "{BF240173-9A35-4F82-900E-6C65EEDE3D0D}"
EndProject
Project("{9A19103F-16F7-4668-BE54-9A1E7A4F7556}") = "Presentacion.WebApi", "Presentacion.WebApi\Presentacion.WebApi.csproj", "{1256A886-B25E-4ABE-B907-9F2643B40C9F}"
EndProject
Project("{2150E333-8FDC-42A3-9474-1A3956D46DE8}") = "Seguridad", "Seguridad", "{C07C27E8-F5DA-46D7-BE8B-E77AE12D6EFC}"
EndProject
Project("{2150E333-8FDC-42A3-9474-1A3956D46DE8}") = "Seguridad", "Seguridad", "{28B6690F-DD6B-4C46-BCC5-E296BEAF3599}"
EndProject
Project("{2150E333-8FDC-42A3-9474-1A3956D46DE8}") = "Seguridad", "Seguridad", "{D11D6360-F7A0-4140-9AE6-D6C5DD3BC582}"
EndProject
Project("{9A19103F-16F7-4668-BE54-9A1E7A4F7556}") = "Infraestructura.Datos.Seguridad", "Infraestructura.Datos.Seguridad\Infraestructura.Datos.Seguridad.csproj", "{0AD11F1E-B3F9-48B5-B907-5FABB33F7A9A}"
EndProject
Project("{9A19103F-16F7-4668-BE54-9A1E7A4F7556}") = "Dominio.Seguridad.Entidades", "Dominio.Seguridad.Entidades\Dominio.Seguridad.Entidades.csproj", "{8E69DAF3-9815-45AF-8438-CB1E0EC800B4}"
EndProject
Project("{9A19103F-16F7-4668-BE54-9A1E7A4F7556}") = "Dominio.Seguridad.Modelos", "Dominio.Seguridad.Modelos\Dominio.Seguridad.Modelos.csproj", "{FF97BE29-2474-4559-AB99-E6043EC8914C}"
EndProject
Project("{9A19103F-16F7-4668-BE54-9A1E7A4F7556}") = "Dominio.Seguridad.Repositorios", "Dominio.Seguridad.Repositorios\Dominio.Seguridad.Repositorios.csproj", "{043E4560-39BB-45FE-887F-47B05A9ED9FA}"
EndProject
Project("{9A19103F-16F7-4668-BE54-9A1E7A4F7556}") = "Dominio.Seguridad.Servicios", "Dominio.Seguridad.Servicios\Dominio.Seguridad.Servicios.csproj", "{D6B26A31-55EC-49A2-B214-8F1A943BA99C}"
EndProject
Project("{9A19103F-16F7-4668-BE54-9A1E7A4F7556}") = "Aplicacion.Seguridad.Servicios", "Aplicacion.Seguridad.Servicios\Aplicacion.Seguridad.Servicios.csproj", "{CD3C1CB9-11E2-43D1-96F6-58E231B56350}"
EndProject
Project("{9A19103F-16F7-4668-BE54-9A1E7A4F7556}") = "Aplicacion.Seguridad.Servicios.Core", "Aplicacion.Seguridad.Servicios.Core\Aplicacion.Seguridad.Servicios.Core.csproj", "{97BCD95B-10CD-4BD6-A91C-F6394C24A2EE}"
EndProject
Project("{9A19103F-16F7-4668-BE54-9A1E7A4F7556}") = "Infraestructura.Transversal.Perfiles", "Infraestructura.Transversal.Perfiles\Infraestructura.Transversal.Perfiles.csproj", "{19704078-B634-4DDA-A30D-4D5F09A9105A}"
EndProject
Project("{2150E333-8FDC-42A3-9474-1A3956D46DE8}") = "Viaticos", "Viaticos", "{7D504E3F-DC79-4650-AB7F-C6DC6F2E9429}"
EndProject
Project("{9A19103F-16F7-4668-BE54-9A1E7A4F7556}") = "Aplicacion.Viaticos.Core", "Aplicacion.Viaticos.Core\Aplicacion.Viaticos.Core.csproj", "{7AF5707F-434D-4A97-BE9C-3A0E2116A4CF}"
EndProject
Project("{9A19103F-16F7-4668-BE54-9A1E7A4F7556}") = "Aplicacion.Viaticos.Servicios", "Aplicacion.Viaticos.Servicios\Aplicacion.Viaticos.Servicios.csproj", "{861278A8-02AB-4814-93C4-DA4D6E39F430}"
EndProject
Project("{9A19103F-16F7-4668-BE54-9A1E7A4F7556}") = "Aplicacion.Viaticos.Nucleo", "Aplicacion.Viaticos.Nucleo\Aplicacion.Viaticos.Nucleo.csproj", "{D0245197-1D4E-407E-B4E8-FB16694BB0DA}"
EndProject
Project("{2150E333-8FDC-42A3-9474-1A3956D46DE8}") = "Viaticos", "Viaticos", "{2619A59F-E9F8-44C6-86CE-F3DF05DDFEBD}"
EndProject
Project("{9A19103F-16F7-4668-BE54-9A1E7A4F7556}") = "Dominio.Viaticos.Entidades", "Dominio.Viaticos.Entidades\Dominio.Viaticos.Entidades.csproj", "{77AFA5A6-2F7D-425C-8756-07A6B80CA4AE}"
EndProject
Project("{9A19103F-16F7-4668-BE54-9A1E7A4F7556}") = "Dominio.Viaticos.Servicios", "Dominio.Viaticos.Servicios\Dominio.Viaticos.Servicios.csproj", "{19044EA7-4843-4904-8291-773DB08022D9}"
EndProject
Project("{FAE04EC0-301F-11D3-BF4B-00C04F79EFBC}") = "Dominio.Viaticos.Modelos", "Dominio.Viaticos.Modelos\Dominio.Viaticos.Modelos.csproj", "{B860AF36-F789-404D-B8C6-439E1B1566EF}"
EndProject
Project("{FAE04EC0-301F-11D3-BF4B-00C04F79EFBC}") = "Dominio.Viaticos.Nucleo", "Dominio.Viaticos.Nucleo\Dominio.Viaticos.Nucleo.csproj", "{E45F4C3D-DD05-4442-B161-0D5AEDDB5658}"
EndProject
Global
	GlobalSection(SolutionConfigurationPlatforms) = preSolution
		Debug|Any CPU = Debug|Any CPU
		Release|Any CPU = Release|Any CPU
	EndGlobalSection
	GlobalSection(ProjectConfigurationPlatforms) = postSolution
		{5BFAD32B-9DE0-4AEC-B410-5CAD3812DEF6}.Debug|Any CPU.ActiveCfg = Debug|Any CPU
		{5BFAD32B-9DE0-4AEC-B410-5CAD3812DEF6}.Debug|Any CPU.Build.0 = Debug|Any CPU
		{5BFAD32B-9DE0-4AEC-B410-5CAD3812DEF6}.Release|Any CPU.ActiveCfg = Release|Any CPU
		{5BFAD32B-9DE0-4AEC-B410-5CAD3812DEF6}.Release|Any CPU.Build.0 = Release|Any CPU
		{8B81FE73-5AF2-40A4-AD66-310BA99C8351}.Debug|Any CPU.ActiveCfg = Debug|Any CPU
		{8B81FE73-5AF2-40A4-AD66-310BA99C8351}.Debug|Any CPU.Build.0 = Debug|Any CPU
		{8B81FE73-5AF2-40A4-AD66-310BA99C8351}.Release|Any CPU.ActiveCfg = Release|Any CPU
		{8B81FE73-5AF2-40A4-AD66-310BA99C8351}.Release|Any CPU.Build.0 = Release|Any CPU
		{7ABCDE2C-BB6F-4059-BBE8-10C3F87BD2CF}.Debug|Any CPU.ActiveCfg = Debug|Any CPU
		{7ABCDE2C-BB6F-4059-BBE8-10C3F87BD2CF}.Debug|Any CPU.Build.0 = Debug|Any CPU
		{7ABCDE2C-BB6F-4059-BBE8-10C3F87BD2CF}.Release|Any CPU.ActiveCfg = Release|Any CPU
		{7ABCDE2C-BB6F-4059-BBE8-10C3F87BD2CF}.Release|Any CPU.Build.0 = Release|Any CPU
		{9CFC785C-03CE-4BB6-B28B-E805F450AAED}.Debug|Any CPU.ActiveCfg = Debug|Any CPU
		{9CFC785C-03CE-4BB6-B28B-E805F450AAED}.Debug|Any CPU.Build.0 = Debug|Any CPU
		{9CFC785C-03CE-4BB6-B28B-E805F450AAED}.Release|Any CPU.ActiveCfg = Release|Any CPU
		{9CFC785C-03CE-4BB6-B28B-E805F450AAED}.Release|Any CPU.Build.0 = Release|Any CPU
		{78025D77-3C24-46B7-98CE-3CEC02B919F3}.Debug|Any CPU.ActiveCfg = Debug|Any CPU
		{78025D77-3C24-46B7-98CE-3CEC02B919F3}.Debug|Any CPU.Build.0 = Debug|Any CPU
		{78025D77-3C24-46B7-98CE-3CEC02B919F3}.Release|Any CPU.ActiveCfg = Release|Any CPU
		{78025D77-3C24-46B7-98CE-3CEC02B919F3}.Release|Any CPU.Build.0 = Release|Any CPU
		{08D9F344-621D-4D5A-BA1E-5EE5FB134F4A}.Debug|Any CPU.ActiveCfg = Debug|Any CPU
		{08D9F344-621D-4D5A-BA1E-5EE5FB134F4A}.Debug|Any CPU.Build.0 = Debug|Any CPU
		{08D9F344-621D-4D5A-BA1E-5EE5FB134F4A}.Release|Any CPU.ActiveCfg = Release|Any CPU
		{08D9F344-621D-4D5A-BA1E-5EE5FB134F4A}.Release|Any CPU.Build.0 = Release|Any CPU
		{4219F79A-C4B5-4824-99F4-ADA514804241}.Debug|Any CPU.ActiveCfg = Debug|Any CPU
		{4219F79A-C4B5-4824-99F4-ADA514804241}.Debug|Any CPU.Build.0 = Debug|Any CPU
		{4219F79A-C4B5-4824-99F4-ADA514804241}.Release|Any CPU.ActiveCfg = Release|Any CPU
		{4219F79A-C4B5-4824-99F4-ADA514804241}.Release|Any CPU.Build.0 = Release|Any CPU
		{B69D34F0-6B2F-4C89-B4FB-F48AA4E4C11E}.Debug|Any CPU.ActiveCfg = Debug|Any CPU
		{B69D34F0-6B2F-4C89-B4FB-F48AA4E4C11E}.Debug|Any CPU.Build.0 = Debug|Any CPU
		{B69D34F0-6B2F-4C89-B4FB-F48AA4E4C11E}.Release|Any CPU.ActiveCfg = Release|Any CPU
		{B69D34F0-6B2F-4C89-B4FB-F48AA4E4C11E}.Release|Any CPU.Build.0 = Release|Any CPU
		{E6737440-FE00-4D7D-B081-2E677BE1F2B5}.Debug|Any CPU.ActiveCfg = Debug|Any CPU
		{E6737440-FE00-4D7D-B081-2E677BE1F2B5}.Debug|Any CPU.Build.0 = Debug|Any CPU
		{E6737440-FE00-4D7D-B081-2E677BE1F2B5}.Release|Any CPU.ActiveCfg = Release|Any CPU
		{E6737440-FE00-4D7D-B081-2E677BE1F2B5}.Release|Any CPU.Build.0 = Release|Any CPU
		{BF240173-9A35-4F82-900E-6C65EEDE3D0D}.Debug|Any CPU.ActiveCfg = Debug|Any CPU
		{BF240173-9A35-4F82-900E-6C65EEDE3D0D}.Debug|Any CPU.Build.0 = Debug|Any CPU
		{BF240173-9A35-4F82-900E-6C65EEDE3D0D}.Release|Any CPU.ActiveCfg = Release|Any CPU
		{BF240173-9A35-4F82-900E-6C65EEDE3D0D}.Release|Any CPU.Build.0 = Release|Any CPU
		{1256A886-B25E-4ABE-B907-9F2643B40C9F}.Debug|Any CPU.ActiveCfg = Debug|Any CPU
		{1256A886-B25E-4ABE-B907-9F2643B40C9F}.Debug|Any CPU.Build.0 = Debug|Any CPU
		{1256A886-B25E-4ABE-B907-9F2643B40C9F}.Release|Any CPU.ActiveCfg = Release|Any CPU
		{1256A886-B25E-4ABE-B907-9F2643B40C9F}.Release|Any CPU.Build.0 = Release|Any CPU
		{0AD11F1E-B3F9-48B5-B907-5FABB33F7A9A}.Debug|Any CPU.ActiveCfg = Debug|Any CPU
		{0AD11F1E-B3F9-48B5-B907-5FABB33F7A9A}.Debug|Any CPU.Build.0 = Debug|Any CPU
		{0AD11F1E-B3F9-48B5-B907-5FABB33F7A9A}.Release|Any CPU.ActiveCfg = Release|Any CPU
		{0AD11F1E-B3F9-48B5-B907-5FABB33F7A9A}.Release|Any CPU.Build.0 = Release|Any CPU
		{8E69DAF3-9815-45AF-8438-CB1E0EC800B4}.Debug|Any CPU.ActiveCfg = Debug|Any CPU
		{8E69DAF3-9815-45AF-8438-CB1E0EC800B4}.Debug|Any CPU.Build.0 = Debug|Any CPU
		{8E69DAF3-9815-45AF-8438-CB1E0EC800B4}.Release|Any CPU.ActiveCfg = Release|Any CPU
		{8E69DAF3-9815-45AF-8438-CB1E0EC800B4}.Release|Any CPU.Build.0 = Release|Any CPU
		{FF97BE29-2474-4559-AB99-E6043EC8914C}.Debug|Any CPU.ActiveCfg = Debug|Any CPU
		{FF97BE29-2474-4559-AB99-E6043EC8914C}.Debug|Any CPU.Build.0 = Debug|Any CPU
		{FF97BE29-2474-4559-AB99-E6043EC8914C}.Release|Any CPU.ActiveCfg = Release|Any CPU
		{FF97BE29-2474-4559-AB99-E6043EC8914C}.Release|Any CPU.Build.0 = Release|Any CPU
		{043E4560-39BB-45FE-887F-47B05A9ED9FA}.Debug|Any CPU.ActiveCfg = Debug|Any CPU
		{043E4560-39BB-45FE-887F-47B05A9ED9FA}.Debug|Any CPU.Build.0 = Debug|Any CPU
		{043E4560-39BB-45FE-887F-47B05A9ED9FA}.Release|Any CPU.ActiveCfg = Release|Any CPU
		{043E4560-39BB-45FE-887F-47B05A9ED9FA}.Release|Any CPU.Build.0 = Release|Any CPU
		{D6B26A31-55EC-49A2-B214-8F1A943BA99C}.Debug|Any CPU.ActiveCfg = Debug|Any CPU
		{D6B26A31-55EC-49A2-B214-8F1A943BA99C}.Debug|Any CPU.Build.0 = Debug|Any CPU
		{D6B26A31-55EC-49A2-B214-8F1A943BA99C}.Release|Any CPU.ActiveCfg = Release|Any CPU
		{D6B26A31-55EC-49A2-B214-8F1A943BA99C}.Release|Any CPU.Build.0 = Release|Any CPU
		{CD3C1CB9-11E2-43D1-96F6-58E231B56350}.Debug|Any CPU.ActiveCfg = Debug|Any CPU
		{CD3C1CB9-11E2-43D1-96F6-58E231B56350}.Debug|Any CPU.Build.0 = Debug|Any CPU
		{CD3C1CB9-11E2-43D1-96F6-58E231B56350}.Release|Any CPU.ActiveCfg = Release|Any CPU
		{CD3C1CB9-11E2-43D1-96F6-58E231B56350}.Release|Any CPU.Build.0 = Release|Any CPU
		{97BCD95B-10CD-4BD6-A91C-F6394C24A2EE}.Debug|Any CPU.ActiveCfg = Debug|Any CPU
		{97BCD95B-10CD-4BD6-A91C-F6394C24A2EE}.Debug|Any CPU.Build.0 = Debug|Any CPU
		{97BCD95B-10CD-4BD6-A91C-F6394C24A2EE}.Release|Any CPU.ActiveCfg = Release|Any CPU
		{97BCD95B-10CD-4BD6-A91C-F6394C24A2EE}.Release|Any CPU.Build.0 = Release|Any CPU
		{19704078-B634-4DDA-A30D-4D5F09A9105A}.Debug|Any CPU.ActiveCfg = Debug|Any CPU
		{19704078-B634-4DDA-A30D-4D5F09A9105A}.Debug|Any CPU.Build.0 = Debug|Any CPU
		{19704078-B634-4DDA-A30D-4D5F09A9105A}.Release|Any CPU.ActiveCfg = Release|Any CPU
		{19704078-B634-4DDA-A30D-4D5F09A9105A}.Release|Any CPU.Build.0 = Release|Any CPU
		{7AF5707F-434D-4A97-BE9C-3A0E2116A4CF}.Debug|Any CPU.ActiveCfg = Debug|Any CPU
		{7AF5707F-434D-4A97-BE9C-3A0E2116A4CF}.Debug|Any CPU.Build.0 = Debug|Any CPU
		{7AF5707F-434D-4A97-BE9C-3A0E2116A4CF}.Release|Any CPU.ActiveCfg = Release|Any CPU
		{7AF5707F-434D-4A97-BE9C-3A0E2116A4CF}.Release|Any CPU.Build.0 = Release|Any CPU
		{861278A8-02AB-4814-93C4-DA4D6E39F430}.Debug|Any CPU.ActiveCfg = Debug|Any CPU
		{861278A8-02AB-4814-93C4-DA4D6E39F430}.Debug|Any CPU.Build.0 = Debug|Any CPU
		{861278A8-02AB-4814-93C4-DA4D6E39F430}.Release|Any CPU.ActiveCfg = Release|Any CPU
		{861278A8-02AB-4814-93C4-DA4D6E39F430}.Release|Any CPU.Build.0 = Release|Any CPU
		{D0245197-1D4E-407E-B4E8-FB16694BB0DA}.Debug|Any CPU.ActiveCfg = Debug|Any CPU
		{D0245197-1D4E-407E-B4E8-FB16694BB0DA}.Debug|Any CPU.Build.0 = Debug|Any CPU
		{D0245197-1D4E-407E-B4E8-FB16694BB0DA}.Release|Any CPU.ActiveCfg = Release|Any CPU
		{D0245197-1D4E-407E-B4E8-FB16694BB0DA}.Release|Any CPU.Build.0 = Release|Any CPU
		{77AFA5A6-2F7D-425C-8756-07A6B80CA4AE}.Debug|Any CPU.ActiveCfg = Debug|Any CPU
		{77AFA5A6-2F7D-425C-8756-07A6B80CA4AE}.Debug|Any CPU.Build.0 = Debug|Any CPU
		{77AFA5A6-2F7D-425C-8756-07A6B80CA4AE}.Release|Any CPU.ActiveCfg = Release|Any CPU
		{77AFA5A6-2F7D-425C-8756-07A6B80CA4AE}.Release|Any CPU.Build.0 = Release|Any CPU
		{19044EA7-4843-4904-8291-773DB08022D9}.Debug|Any CPU.ActiveCfg = Debug|Any CPU
		{19044EA7-4843-4904-8291-773DB08022D9}.Debug|Any CPU.Build.0 = Debug|Any CPU
		{19044EA7-4843-4904-8291-773DB08022D9}.Release|Any CPU.ActiveCfg = Release|Any CPU
		{19044EA7-4843-4904-8291-773DB08022D9}.Release|Any CPU.Build.0 = Release|Any CPU
		{B860AF36-F789-404D-B8C6-439E1B1566EF}.Debug|Any CPU.ActiveCfg = Debug|Any CPU
		{B860AF36-F789-404D-B8C6-439E1B1566EF}.Debug|Any CPU.Build.0 = Debug|Any CPU
		{B860AF36-F789-404D-B8C6-439E1B1566EF}.Release|Any CPU.ActiveCfg = Release|Any CPU
		{B860AF36-F789-404D-B8C6-439E1B1566EF}.Release|Any CPU.Build.0 = Release|Any CPU
		{E45F4C3D-DD05-4442-B161-0D5AEDDB5658}.Debug|Any CPU.ActiveCfg = Debug|Any CPU
		{E45F4C3D-DD05-4442-B161-0D5AEDDB5658}.Debug|Any CPU.Build.0 = Debug|Any CPU
		{E45F4C3D-DD05-4442-B161-0D5AEDDB5658}.Release|Any CPU.ActiveCfg = Release|Any CPU
		{E45F4C3D-DD05-4442-B161-0D5AEDDB5658}.Release|Any CPU.Build.0 = Release|Any CPU
	EndGlobalSection
	GlobalSection(SolutionProperties) = preSolution
		HideSolutionNode = FALSE
	EndGlobalSection
	GlobalSection(NestedProjects) = preSolution
		{905E2D36-77A8-4C62-82DB-82FDED96BA86} = {AA60DE3C-98E5-405D-A9B7-013BDAEFCAEA}
		{62259079-D0DA-4920-B38A-0D316268B254} = {1B8E1F43-33EF-4E63-BF3D-9A82798D88BB}
		{F82357FD-FE09-4C11-BDD7-E9A0AA9CDB19} = {1B8E1F43-33EF-4E63-BF3D-9A82798D88BB}
		{C0A9010A-0CE6-43D8-9506-1847E552270F} = {B255C7A0-0452-4ED4-A9B4-F28D378B9F4D}
		{B4B3A031-100A-4476-80A8-9DC8DB4A7094} = {62259079-D0DA-4920-B38A-0D316268B254}
		{5BFAD32B-9DE0-4AEC-B410-5CAD3812DEF6} = {B4B3A031-100A-4476-80A8-9DC8DB4A7094}
		{8B81FE73-5AF2-40A4-AD66-310BA99C8351} = {905E2D36-77A8-4C62-82DB-82FDED96BA86}
		{7ABCDE2C-BB6F-4059-BBE8-10C3F87BD2CF} = {905E2D36-77A8-4C62-82DB-82FDED96BA86}
		{9CFC785C-03CE-4BB6-B28B-E805F450AAED} = {905E2D36-77A8-4C62-82DB-82FDED96BA86}
		{78025D77-3C24-46B7-98CE-3CEC02B919F3} = {F82357FD-FE09-4C11-BDD7-E9A0AA9CDB19}
		{08D9F344-621D-4D5A-BA1E-5EE5FB134F4A} = {905E2D36-77A8-4C62-82DB-82FDED96BA86}
		{4219F79A-C4B5-4824-99F4-ADA514804241} = {C0A9010A-0CE6-43D8-9506-1847E552270F}
		{B69D34F0-6B2F-4C89-B4FB-F48AA4E4C11E} = {F82357FD-FE09-4C11-BDD7-E9A0AA9CDB19}
		{E6737440-FE00-4D7D-B081-2E677BE1F2B5} = {F82357FD-FE09-4C11-BDD7-E9A0AA9CDB19}
		{BF240173-9A35-4F82-900E-6C65EEDE3D0D} = {F82357FD-FE09-4C11-BDD7-E9A0AA9CDB19}
		{1256A886-B25E-4ABE-B907-9F2643B40C9F} = {26D54565-5DAF-4399-AE39-9CC428F399F3}
		{C07C27E8-F5DA-46D7-BE8B-E77AE12D6EFC} = {AA60DE3C-98E5-405D-A9B7-013BDAEFCAEA}
		{28B6690F-DD6B-4C46-BCC5-E296BEAF3599} = {62259079-D0DA-4920-B38A-0D316268B254}
		{D11D6360-F7A0-4140-9AE6-D6C5DD3BC582} = {B255C7A0-0452-4ED4-A9B4-F28D378B9F4D}
		{0AD11F1E-B3F9-48B5-B907-5FABB33F7A9A} = {28B6690F-DD6B-4C46-BCC5-E296BEAF3599}
		{8E69DAF3-9815-45AF-8438-CB1E0EC800B4} = {C07C27E8-F5DA-46D7-BE8B-E77AE12D6EFC}
		{FF97BE29-2474-4559-AB99-E6043EC8914C} = {C07C27E8-F5DA-46D7-BE8B-E77AE12D6EFC}
		{043E4560-39BB-45FE-887F-47B05A9ED9FA} = {C07C27E8-F5DA-46D7-BE8B-E77AE12D6EFC}
		{D6B26A31-55EC-49A2-B214-8F1A943BA99C} = {C07C27E8-F5DA-46D7-BE8B-E77AE12D6EFC}
		{CD3C1CB9-11E2-43D1-96F6-58E231B56350} = {D11D6360-F7A0-4140-9AE6-D6C5DD3BC582}
		{97BCD95B-10CD-4BD6-A91C-F6394C24A2EE} = {D11D6360-F7A0-4140-9AE6-D6C5DD3BC582}
		{19704078-B634-4DDA-A30D-4D5F09A9105A} = {F82357FD-FE09-4C11-BDD7-E9A0AA9CDB19}
		{7D504E3F-DC79-4650-AB7F-C6DC6F2E9429} = {B255C7A0-0452-4ED4-A9B4-F28D378B9F4D}
		{7AF5707F-434D-4A97-BE9C-3A0E2116A4CF} = {7D504E3F-DC79-4650-AB7F-C6DC6F2E9429}
		{861278A8-02AB-4814-93C4-DA4D6E39F430} = {7D504E3F-DC79-4650-AB7F-C6DC6F2E9429}
		{D0245197-1D4E-407E-B4E8-FB16694BB0DA} = {7D504E3F-DC79-4650-AB7F-C6DC6F2E9429}
		{2619A59F-E9F8-44C6-86CE-F3DF05DDFEBD} = {AA60DE3C-98E5-405D-A9B7-013BDAEFCAEA}
		{77AFA5A6-2F7D-425C-8756-07A6B80CA4AE} = {2619A59F-E9F8-44C6-86CE-F3DF05DDFEBD}
		{19044EA7-4843-4904-8291-773DB08022D9} = {2619A59F-E9F8-44C6-86CE-F3DF05DDFEBD}
		{B860AF36-F789-404D-B8C6-439E1B1566EF} = {2619A59F-E9F8-44C6-86CE-F3DF05DDFEBD}
		{E45F4C3D-DD05-4442-B161-0D5AEDDB5658} = {2619A59F-E9F8-44C6-86CE-F3DF05DDFEBD}
	EndGlobalSection
	GlobalSection(ExtensibilityGlobals) = postSolution
		SolutionGuid = {9F273894-30BF-43B8-BCA2-A6FEE4AC0576}
	EndGlobalSection
EndGlobal
